
Microsoft Visual Studio Solution File, Format Version 12.00
# Visual Studio Version 17
VisualStudioVersion = 17.8.34309.116
MinimumVisualStudioVersion = 10.0.40219.1
Project("{FAE04EC0-301F-11D3-BF4B-00C04F79EFBC}") = "UngDungChat1_1", "UngDungChat1_1.csproj", "{4679A35B-5019-4034-B837-FBCF455FD5D3}"
EndProject
Global
	GlobalSection(SolutionConfigurationPlatforms) = preSolution
		Debug|Any CPU = Debug|Any CPU
		Release|Any CPU = Release|Any CPU
	EndGlobalSection
	GlobalSection(ProjectConfigurationPlatforms) = postSolution
		{4679A35B-5019-4034-B837-FBCF455FD5D3}.Debug|Any CPU.ActiveCfg = Debug|Any CPU
		{4679A35B-5019-4034-B837-FBCF455FD5D3}.Debug|Any CPU.Build.0 = Debug|Any CPU
		{4679A35B-5019-4034-B837-FBCF455FD5D3}.Release|Any CPU.ActiveCfg = Release|Any CPU
		{4679A35B-5019-4034-B837-FBCF455FD5D3}.Release|Any CPU.Build.0 = Release|Any CPU
	EndGlobalSection
	GlobalSection(SolutionProperties) = preSolution
		HideSolutionNode = FALSE
	EndGlobalSection
	GlobalSection(ExtensibilityGlobals) = postSolution
		SolutionGuid = {0E7E7363-C4F8-49AE-9308-DD3ED7E4FDF7}
	EndGlobalSection
EndGlobal
